
Microsoft Visual Studio Solution File, Format Version 12.00
# Visual Studio Version 17
VisualStudioVersion = 17.11.35327.3
MinimumVisualStudioVersion = 10.0.40219.1
Project("{F2A71F9B-5D33-465A-A702-920D77279786}") = "listMap", "listMap.fsproj", "{75CE657A-0661-497B-B529-C751B0503727}"
EndProject
Project("{2150E333-8FDC-42A3-9474-1A3956D46DE8}") = "Элементы решения", "Элементы решения", "{AFD48B3D-9B66-47E3-892F-C17DEE4BF31D}"
	ProjectSection(SolutionItems) = preProject
		test.txt = test.txt
	EndProjectSection
EndProject
Global
	GlobalSection(SolutionConfigurationPlatforms) = preSolution
		Debug|Any CPU = Debug|Any CPU
		Release|Any CPU = Release|Any CPU
	EndGlobalSection
	GlobalSection(ProjectConfigurationPlatforms) = postSolution
		{75CE657A-0661-497B-B529-C751B0503727}.Debug|Any CPU.ActiveCfg = Debug|Any CPU
		{75CE657A-0661-497B-B529-C751B0503727}.Debug|Any CPU.Build.0 = Debug|Any CPU
		{75CE657A-0661-497B-B529-C751B0503727}.Release|Any CPU.ActiveCfg = Release|Any CPU
		{75CE657A-0661-497B-B529-C751B0503727}.Release|Any CPU.Build.0 = Release|Any CPU
	EndGlobalSection
	GlobalSection(SolutionProperties) = preSolution
		HideSolutionNode = FALSE
	EndGlobalSection
	GlobalSection(ExtensibilityGlobals) = postSolution
		SolutionGuid = {D0D5E0FB-626A-4F99-B1BE-D0D821982685}
	EndGlobalSection
EndGlobal
